
Microsoft Visual Studio Solution File, Format Version 12.00
# Visual Studio Version 17
VisualStudioVersion = 17.0.31912.275
MinimumVisualStudioVersion = 10.0.40219.1
Project("{8BC9CEB8-8B4A-11D0-8D11-00A0C91BC942}") = "RobotSimulation", "RobotSimulation\RobotSimulation.vcxproj", "{073E0EF3-3E17-4C61-8996-F252350E0893}"
EndProject
Global
	GlobalSection(SolutionConfigurationPlatforms) = preSolution
		Debug|x64 = Debug|x64
		Debug|x86 = Debug|x86
		Release|x64 = Release|x64
		Release|x86 = Release|x86
	EndGlobalSection
	GlobalSection(ProjectConfigurationPlatforms) = postSolution
		{073E0EF3-3E17-4C61-8996-F252350E0893}.Debug|x64.ActiveCfg = Debug|x64
		{073E0EF3-3E17-4C61-8996-F252350E0893}.Debug|x64.Build.0 = Debug|x64
		{073E0EF3-3E17-4C61-8996-F252350E0893}.Debug|x86.ActiveCfg = Debug|Win32
		{073E0EF3-3E17-4C61-8996-F252350E0893}.Debug|x86.Build.0 = Debug|Win32
		{073E0EF3-3E17-4C61-8996-F252350E0893}.Release|x64.ActiveCfg = Release|x64
		{073E0EF3-3E17-4C61-8996-F252350E0893}.Release|x64.Build.0 = Release|x64
		{073E0EF3-3E17-4C61-8996-F252350E0893}.Release|x86.ActiveCfg = Release|Win32
		{073E0EF3-3E17-4C61-8996-F252350E0893}.Release|x86.Build.0 = Release|Win32
	EndGlobalSection
	GlobalSection(SolutionProperties) = preSolution
		HideSolutionNode = FALSE
	EndGlobalSection
	GlobalSection(ExtensibilityGlobals) = postSolution
		SolutionGuid = {0DA6F681-A853-45F7-94A3-DED666F19E4F}
	EndGlobalSection
EndGlobal
